
Microsoft Visual Studio Solution File, Format Version 12.00
# Visual Studio Version 16
VisualStudioVersion = 16.0.31112.23
MinimumVisualStudioVersion = 10.0.40219.1
Project("{9A19103F-16F7-4668-BE54-9A1E7A4F7556}") = "DataEditorPortal.Web", "DataEditorPortal\DataEditorPortal.Web.csproj", "{E8F45C30-8872-4763-ADBF-39839391DB7C}"
EndProject
Project("{9A19103F-16F7-4668-BE54-9A1E7A4F7556}") = "DataEditorPortal.Data", "DataEditorPortal.Data\DataEditorPortal.Data.csproj", "{A189ABFB-3AD3-496C-8828-5D9C9623676E}"
EndProject
Project("{9A19103F-16F7-4668-BE54-9A1E7A4F7556}") = "DataEditorPortal.ExcelExport", "DataEditorPortal.ExcelExport\DataEditorPortal.ExcelExport.csproj", "{82B54F25-0379-4216-BCA8-FDC1C66B8C8E}"
EndProject
Project("{9A19103F-16F7-4668-BE54-9A1E7A4F7556}") = "Setup", "DataEditorPortal.Setup\Setup.csproj", "{68BC8666-64C0-4710-8B0A-DBA17ACD78A1}"
EndProject
Global
	GlobalSection(SolutionConfigurationPlatforms) = preSolution
		Debug|Any CPU = Debug|Any CPU
		Release|Any CPU = Release|Any CPU
	EndGlobalSection
	GlobalSection(ProjectConfigurationPlatforms) = postSolution
		{E8F45C30-8872-4763-ADBF-39839391DB7C}.Debug|Any CPU.ActiveCfg = Debug|Any CPU
		{E8F45C30-8872-4763-ADBF-39839391DB7C}.Debug|Any CPU.Build.0 = Debug|Any CPU
		{E8F45C30-8872-4763-ADBF-39839391DB7C}.Release|Any CPU.ActiveCfg = Release|Any CPU
		{E8F45C30-8872-4763-ADBF-39839391DB7C}.Release|Any CPU.Build.0 = Release|Any CPU
		{A189ABFB-3AD3-496C-8828-5D9C9623676E}.Debug|Any CPU.ActiveCfg = Debug|Any CPU
		{A189ABFB-3AD3-496C-8828-5D9C9623676E}.Debug|Any CPU.Build.0 = Debug|Any CPU
		{A189ABFB-3AD3-496C-8828-5D9C9623676E}.Release|Any CPU.ActiveCfg = Release|Any CPU
		{A189ABFB-3AD3-496C-8828-5D9C9623676E}.Release|Any CPU.Build.0 = Release|Any CPU
		{82B54F25-0379-4216-BCA8-FDC1C66B8C8E}.Debug|Any CPU.ActiveCfg = Debug|Any CPU
		{82B54F25-0379-4216-BCA8-FDC1C66B8C8E}.Debug|Any CPU.Build.0 = Debug|Any CPU
		{82B54F25-0379-4216-BCA8-FDC1C66B8C8E}.Release|Any CPU.ActiveCfg = Release|Any CPU
		{82B54F25-0379-4216-BCA8-FDC1C66B8C8E}.Release|Any CPU.Build.0 = Release|Any CPU
		{68BC8666-64C0-4710-8B0A-DBA17ACD78A1}.Debug|Any CPU.ActiveCfg = Debug|Any CPU
		{68BC8666-64C0-4710-8B0A-DBA17ACD78A1}.Debug|Any CPU.Build.0 = Debug|Any CPU
		{68BC8666-64C0-4710-8B0A-DBA17ACD78A1}.Release|Any CPU.ActiveCfg = Release|Any CPU
		{68BC8666-64C0-4710-8B0A-DBA17ACD78A1}.Release|Any CPU.Build.0 = Release|Any CPU
	EndGlobalSection
	GlobalSection(SolutionProperties) = preSolution
		HideSolutionNode = FALSE
	EndGlobalSection
	GlobalSection(ExtensibilityGlobals) = postSolution
		SolutionGuid = {4A7C8A2C-77BB-4722-B1C7-7FFD649E963F}
	EndGlobalSection
EndGlobal
